<?xml version="1.0" encoding="utf-8"?>
<Project ToolsVersion="4.0" xmlns="http://schemas.microsoft.com/developer/msbuild/2003">
  <ItemGroup>
    <Filter Include="LocalBlur">
      <UniqueIdentifier>{483246e8-36c6-4d18-8c79-8de2d86087f6}</UniqueIdentifier>
    </Filter>
    <Filter Include="TrackBar">
      <UniqueIdentifier>{82d4a6f6-bba2-4772-8ca5-e3ff32d98c90}</UniqueIdentifier>
    </Filter>
    <Filter Include="ImageWindow">
      <UniqueIdentifier>{085915c4-1ba8-4680-a0d5-76f6c032ba72}</UniqueIdentifier>
    </Filter>
    <Filter Include="Mouse">
      <UniqueIdentifier>{13dae6a7-2fb3-4d22-bb11-e10660ebbf63}</UniqueIdentifier>
    </Filter>
    <Filter Include="DrawBlur">
      <UniqueIdentifier>{ed3980c9-49e4-497c-b5fc-dc2f05df919c}</UniqueIdentifier>
    </Filter>
  </ItemGroup>
  <ItemGroup>
    <ClCompile Include="main.cpp" />
    <ClCompile Include="ImageWindow.cpp">
      <Filter>ImageWindow</Filter>
    </ClCompile>
    <ClCompile Include="Mouse.cpp">
      <Filter>Mouse</Filter>
    </ClCompile>
    <ClCompile Include="TrackBar.cpp">
      <Filter>TrackBar</Filter>
    </ClCompile>
    <ClCompile Include="LocalBlur.cpp">
      <Filter>LocalBlur</Filter>
    </ClCompile>
    <ClCompile Include="BlurMethod.cpp">
      <Filter>DrawBlur</Filter>
    </ClCompile>
  </ItemGroup>
  <ItemGroup>
    <ClInclude Include="LocalBlur.h">
      <Filter>LocalBlur</Filter>
    </ClInclude>
    <ClInclude Include="ImageWindow.h">
      <Filter>ImageWindow</Filter>
    </ClInclude>
    <ClInclude Include="Mouse.h">
      <Filter>Mouse</Filter>
    </ClInclude>
    <ClInclude Include="TrackBar.h">
      <Filter>TrackBar</Filter>
    </ClInclude>
    <ClInclude Include="BlurMethod.h">
      <Filter>DrawBlur</Filter>
    </ClInclude>
  </ItemGroup>
</Project>