<?xml version="1.0" encoding="utf-8"?>
<Project ToolsVersion="4.0" xmlns="http://schemas.microsoft.com/developer/msbuild/2003">
  <ItemGroup>
    <Filter Include="MouseMoved">
      <UniqueIdentifier>{13dae6a7-2fb3-4d22-bb11-e10660ebbf63}</UniqueIdentifier>
    </Filter>
    <Filter Include="LocalBlur">
      <UniqueIdentifier>{483246e8-36c6-4d18-8c79-8de2d86087f6}</UniqueIdentifier>
    </Filter>
    <Filter Include="Another">
      <UniqueIdentifier>{085915c4-1ba8-4680-a0d5-76f6c032ba72}</UniqueIdentifier>
    </Filter>
  </ItemGroup>
  <ItemGroup>
    <ClCompile Include="main.cpp" />
    <ClCompile Include="LocalBlur_.cpp">
      <Filter>LocalBlur</Filter>
    </ClCompile>
    <ClCompile Include="ImageWindow.cpp">
      <Filter>Another</Filter>
    </ClCompile>
    <ClCompile Include="Mouse.cpp">
      <Filter>MouseMoved</Filter>
    </ClCompile>
  </ItemGroup>
  <ItemGroup>
    <ClInclude Include="LocalBlur.h">
      <Filter>LocalBlur</Filter>
    </ClInclude>
    <ClInclude Include="ImageWindow.h">
      <Filter>Another</Filter>
    </ClInclude>
    <ClInclude Include="Mouse.h">
      <Filter>MouseMoved</Filter>
    </ClInclude>
  </ItemGroup>
</Project>